
Microsoft Visual Studio Solution File, Format Version 12.00
# Visual Studio Version 16
VisualStudioVersion = 16.0.30621.155
MinimumVisualStudioVersion = 10.0.40219.1
Project("{FAE04EC0-301F-11D3-BF4B-00C04F79EFBC}") = "XamCam.UWP", "XamCam.UWP\XamCam.UWP.csproj", "{2168C691-1B6A-4F07-AA4C-652C7F46564D}"
EndProject
Project("{FAE04EC0-301F-11D3-BF4B-00C04F79EFBC}") = "XamCam.Android", "XamCam.Android\XamCam.Android.csproj", "{EC0E096B-9064-4B41-A589-435D0005AA32}"
EndProject
Project("{FAE04EC0-301F-11D3-BF4B-00C04F79EFBC}") = "XamCam.iOS", "XamCam.iOS\XamCam.iOS.csproj", "{C401CB3D-90CB-42B8-AA06-2F19B0C9684B}"
EndProject
Project("{9A19103F-16F7-4668-BE54-9A1E7A4F7556}") = "XamCam", "XamCam\XamCam.csproj", "{E42FA92C-C239-4361-8458-1EB46B392903}"
EndProject
Global
	GlobalSection(SolutionConfigurationPlatforms) = preSolution
		Debug|Any CPU = Debug|Any CPU
		Debug|ARM = Debug|ARM
		Debug|iPhone = Debug|iPhone
		Debug|iPhoneSimulator = Debug|iPhoneSimulator
		Debug|x64 = Debug|x64
		Debug|x86 = Debug|x86
		Release|Any CPU = Release|Any CPU
		Release|ARM = Release|ARM
		Release|iPhone = Release|iPhone
		Release|iPhoneSimulator = Release|iPhoneSimulator
		Release|x64 = Release|x64
		Release|x86 = Release|x86
	EndGlobalSection
	GlobalSection(ProjectConfigurationPlatforms) = postSolution
		{2168C691-1B6A-4F07-AA4C-652C7F46564D}.Debug|Any CPU.ActiveCfg = Debug|x86
		{2168C691-1B6A-4F07-AA4C-652C7F46564D}.Debug|Any CPU.Build.0 = Debug|x86
		{2168C691-1B6A-4F07-AA4C-652C7F46564D}.Debug|Any CPU.Deploy.0 = Debug|x86
		{2168C691-1B6A-4F07-AA4C-652C7F46564D}.Debug|ARM.ActiveCfg = Debug|ARM
		{2168C691-1B6A-4F07-AA4C-652C7F46564D}.Debug|ARM.Build.0 = Debug|ARM
		{2168C691-1B6A-4F07-AA4C-652C7F46564D}.Debug|ARM.Deploy.0 = Debug|ARM
		{2168C691-1B6A-4F07-AA4C-652C7F46564D}.Debug|iPhone.ActiveCfg = Debug|x86
		{2168C691-1B6A-4F07-AA4C-652C7F46564D}.Debug|iPhone.Build.0 = Debug|x86
		{2168C691-1B6A-4F07-AA4C-652C7F46564D}.Debug|iPhone.Deploy.0 = Debug|x86
		{2168C691-1B6A-4F07-AA4C-652C7F46564D}.Debug|iPhoneSimulator.ActiveCfg = Debug|x86
		{2168C691-1B6A-4F07-AA4C-652C7F46564D}.Debug|iPhoneSimulator.Build.0 = Debug|x86
		{2168C691-1B6A-4F07-AA4C-652C7F46564D}.Debug|iPhoneSimulator.Deploy.0 = Debug|x86
		{2168C691-1B6A-4F07-AA4C-652C7F46564D}.Debug|x64.ActiveCfg = Debug|x64
		{2168C691-1B6A-4F07-AA4C-652C7F46564D}.Debug|x64.Build.0 = Debug|x64
		{2168C691-1B6A-4F07-AA4C-652C7F46564D}.Debug|x64.Deploy.0 = Debug|x64
		{2168C691-1B6A-4F07-AA4C-652C7F46564D}.Debug|x86.ActiveCfg = Debug|x86
		{2168C691-1B6A-4F07-AA4C-652C7F46564D}.Debug|x86.Build.0 = Debug|x86
		{2168C691-1B6A-4F07-AA4C-652C7F46564D}.Debug|x86.Deploy.0 = Debug|x86
		{2168C691-1B6A-4F07-AA4C-652C7F46564D}.Release|Any CPU.ActiveCfg = Release|x86
		{2168C691-1B6A-4F07-AA4C-652C7F46564D}.Release|Any CPU.Build.0 = Release|x86
		{2168C691-1B6A-4F07-AA4C-652C7F46564D}.Release|Any CPU.Deploy.0 = Release|x86
		{2168C691-1B6A-4F07-AA4C-652C7F46564D}.Release|ARM.ActiveCfg = Release|ARM
		{2168C691-1B6A-4F07-AA4C-652C7F46564D}.Release|ARM.Build.0 = Release|ARM
		{2168C691-1B6A-4F07-AA4C-652C7F46564D}.Release|ARM.Deploy.0 = Release|ARM
		{2168C691-1B6A-4F07-AA4C-652C7F46564D}.Release|iPhone.ActiveCfg = Release|x86
		{2168C691-1B6A-4F07-AA4C-652C7F46564D}.Release|iPhone.Build.0 = Release|x86
		{2168C691-1B6A-4F07-AA4C-652C7F46564D}.Release|iPhone.Deploy.0 = Release|x86
		{2168C691-1B6A-4F07-AA4C-652C7F46564D}.Release|iPhoneSimulator.ActiveCfg = Release|x86
		{2168C691-1B6A-4F07-AA4C-652C7F46564D}.Release|iPhoneSimulator.Build.0 = Release|x86
		{2168C691-1B6A-4F07-AA4C-652C7F46564D}.Release|iPhoneSimulator.Deploy.0 = Release|x86
		{2168C691-1B6A-4F07-AA4C-652C7F46564D}.Release|x64.ActiveCfg = Release|x64
		{2168C691-1B6A-4F07-AA4C-652C7F46564D}.Release|x64.Build.0 = Release|x64
		{2168C691-1B6A-4F07-AA4C-652C7F46564D}.Release|x64.Deploy.0 = Release|x64
		{2168C691-1B6A-4F07-AA4C-652C7F46564D}.Release|x86.ActiveCfg = Release|x86
		{2168C691-1B6A-4F07-AA4C-652C7F46564D}.Release|x86.Build.0 = Release|x86
		{2168C691-1B6A-4F07-AA4C-652C7F46564D}.Release|x86.Deploy.0 = Release|x86
		{EC0E096B-9064-4B41-A589-435D0005AA32}.Debug|Any CPU.ActiveCfg = Debug|Any CPU
		{EC0E096B-9064-4B41-A589-435D0005AA32}.Debug|Any CPU.Build.0 = Debug|Any CPU
		{EC0E096B-9064-4B41-A589-435D0005AA32}.Debug|Any CPU.Deploy.0 = Debug|Any CPU
		{EC0E096B-9064-4B41-A589-435D0005AA32}.Debug|ARM.ActiveCfg = Debug|Any CPU
		{EC0E096B-9064-4B41-A589-435D0005AA32}.Debug|ARM.Build.0 = Debug|Any CPU
		{EC0E096B-9064-4B41-A589-435D0005AA32}.Debug|ARM.Deploy.0 = Debug|Any CPU
		{EC0E096B-9064-4B41-A589-435D0005AA32}.Debug|iPhone.ActiveCfg = Debug|Any CPU
		{EC0E096B-9064-4B41-A589-435D0005AA32}.Debug|iPhone.Build.0 = Debug|Any CPU
		{EC0E096B-9064-4B41-A589-435D0005AA32}.Debug|iPhone.Deploy.0 = Debug|Any CPU
		{EC0E096B-9064-4B41-A589-435D0005AA32}.Debug|iPhoneSimulator.ActiveCfg = Debug|Any CPU
		{EC0E096B-9064-4B41-A589-435D0005AA32}.Debug|iPhoneSimulator.Build.0 = Debug|Any CPU
		{EC0E096B-9064-4B41-A589-435D0005AA32}.Debug|iPhoneSimulator.Deploy.0 = Debug|Any CPU
		{EC0E096B-9064-4B41-A589-435D0005AA32}.Debug|x64.ActiveCfg = Debug|Any CPU
		{EC0E096B-9064-4B41-A589-435D0005AA32}.Debug|x64.Build.0 = Debug|Any CPU
		{EC0E096B-9064-4B41-A589-435D0005AA32}.Debug|x64.Deploy.0 = Debug|Any CPU
		{EC0E096B-9064-4B41-A589-435D0005AA32}.Debug|x86.ActiveCfg = Debug|Any CPU
		{EC0E096B-9064-4B41-A589-435D0005AA32}.Debug|x86.Build.0 = Debug|Any CPU
		{EC0E096B-9064-4B41-A589-435D0005AA32}.Debug|x86.Deploy.0 = Debug|Any CPU
		{EC0E096B-9064-4B41-A589-435D0005AA32}.Release|Any CPU.ActiveCfg = Release|Any CPU
		{EC0E096B-9064-4B41-A589-435D0005AA32}.Release|Any CPU.Build.0 = Release|Any CPU
		{EC0E096B-9064-4B41-A589-435D0005AA32}.Release|Any CPU.Deploy.0 = Release|Any CPU
		{EC0E096B-9064-4B41-A589-435D0005AA32}.Release|ARM.ActiveCfg = Release|Any CPU
		{EC0E096B-9064-4B41-A589-435D0005AA32}.Release|ARM.Build.0 = Release|Any CPU
		{EC0E096B-9064-4B41-A589-435D0005AA32}.Release|ARM.Deploy.0 = Release|Any CPU
		{EC0E096B-9064-4B41-A589-435D0005AA32}.Release|iPhone.ActiveCfg = Release|Any CPU
		{EC0E096B-9064-4B41-A589-435D0005AA32}.Release|iPhone.Build.0 = Release|Any CPU
		{EC0E096B-9064-4B41-A589-435D0005AA32}.Release|iPhone.Deploy.0 = Release|Any CPU
		{EC0E096B-9064-4B41-A589-435D0005AA32}.Release|iPhoneSimulator.ActiveCfg = Release|Any CPU
		{EC0E096B-9064-4B41-A589-435D0005AA32}.Release|iPhoneSimulator.Build.0 = Release|Any CPU
		{EC0E096B-9064-4B41-A589-435D0005AA32}.Release|iPhoneSimulator.Deploy.0 = Release|Any CPU
		{EC0E096B-9064-4B41-A589-435D0005AA32}.Release|x64.ActiveCfg = Release|Any CPU
		{EC0E096B-9064-4B41-A589-435D0005AA32}.Release|x64.Build.0 = Release|Any CPU
		{EC0E096B-9064-4B41-A589-435D0005AA32}.Release|x64.Deploy.0 = Release|Any CPU
		{EC0E096B-9064-4B41-A589-435D0005AA32}.Release|x86.ActiveCfg = Release|Any CPU
		{EC0E096B-9064-4B41-A589-435D0005AA32}.Release|x86.Build.0 = Release|Any CPU
		{EC0E096B-9064-4B41-A589-435D0005AA32}.Release|x86.Deploy.0 = Release|Any CPU
		{C401CB3D-90CB-42B8-AA06-2F19B0C9684B}.Debug|Any CPU.ActiveCfg = Debug|iPhoneSimulator
		{C401CB3D-90CB-42B8-AA06-2F19B0C9684B}.Debug|Any CPU.Build.0 = Debug|iPhoneSimulator
		{C401CB3D-90CB-42B8-AA06-2F19B0C9684B}.Debug|Any CPU.Deploy.0 = Debug|iPhoneSimulator
		{C401CB3D-90CB-42B8-AA06-2F19B0C9684B}.Debug|ARM.ActiveCfg = Debug|iPhone
		{C401CB3D-90CB-42B8-AA06-2F19B0C9684B}.Debug|ARM.Build.0 = Debug|iPhone
		{C401CB3D-90CB-42B8-AA06-2F19B0C9684B}.Debug|ARM.Deploy.0 = Debug|iPhone
		{C401CB3D-90CB-42B8-AA06-2F19B0C9684B}.Debug|iPhone.ActiveCfg = Debug|iPhone
		{C401CB3D-90CB-42B8-AA06-2F19B0C9684B}.Debug|iPhone.Build.0 = Debug|iPhone
		{C401CB3D-90CB-42B8-AA06-2F19B0C9684B}.Debug|iPhone.Deploy.0 = Debug|iPhone
		{C401CB3D-90CB-42B8-AA06-2F19B0C9684B}.Debug|iPhoneSimulator.ActiveCfg = Debug|iPhoneSimulator
		{C401CB3D-90CB-42B8-AA06-2F19B0C9684B}.Debug|iPhoneSimulator.Build.0 = Debug|iPhoneSimulator
		{C401CB3D-90CB-42B8-AA06-2F19B0C9684B}.Debug|iPhoneSimulator.Deploy.0 = Debug|iPhoneSimulator
		{C401CB3D-90CB-42B8-AA06-2F19B0C9684B}.Debug|x64.ActiveCfg = Debug|iPhoneSimulator
		{C401CB3D-90CB-42B8-AA06-2F19B0C9684B}.Debug|x64.Build.0 = Debug|iPhoneSimulator
		{C401CB3D-90CB-42B8-AA06-2F19B0C9684B}.Debug|x64.Deploy.0 = Debug|iPhoneSimulator
		{C401CB3D-90CB-42B8-AA06-2F19B0C9684B}.Debug|x86.ActiveCfg = Debug|iPhoneSimulator
		{C401CB3D-90CB-42B8-AA06-2F19B0C9684B}.Debug|x86.Build.0 = Debug|iPhoneSimulator
		{C401CB3D-90CB-42B8-AA06-2F19B0C9684B}.Debug|x86.Deploy.0 = Debug|iPhoneSimulator
		{C401CB3D-90CB-42B8-AA06-2F19B0C9684B}.Release|Any CPU.ActiveCfg = Release|iPhoneSimulator
		{C401CB3D-90CB-42B8-AA06-2F19B0C9684B}.Release|Any CPU.Build.0 = Release|iPhoneSimulator
		{C401CB3D-90CB-42B8-AA06-2F19B0C9684B}.Release|Any CPU.Deploy.0 = Release|iPhoneSimulator
		{C401CB3D-90CB-42B8-AA06-2F19B0C9684B}.Release|ARM.ActiveCfg = Release|iPhoneSimulator
		{C401CB3D-90CB-42B8-AA06-2F19B0C9684B}.Release|ARM.Build.0 = Release|iPhoneSimulator
		{C401CB3D-90CB-42B8-AA06-2F19B0C9684B}.Release|ARM.Deploy.0 = Release|iPhoneSimulator
		{C401CB3D-90CB-42B8-AA06-2F19B0C9684B}.Release|iPhone.ActiveCfg = Release|iPhone
		{C401CB3D-90CB-42B8-AA06-2F19B0C9684B}.Release|iPhone.Build.0 = Release|iPhone
		{C401CB3D-90CB-42B8-AA06-2F19B0C9684B}.Release|iPhone.Deploy.0 = Release|iPhone
		{C401CB3D-90CB-42B8-AA06-2F19B0C9684B}.Release|iPhoneSimulator.ActiveCfg = Release|iPhoneSimulator
		{C401CB3D-90CB-42B8-AA06-2F19B0C9684B}.Release|iPhoneSimulator.Build.0 = Release|iPhoneSimulator
		{C401CB3D-90CB-42B8-AA06-2F19B0C9684B}.Release|iPhoneSimulator.Deploy.0 = Release|iPhoneSimulator
		{C401CB3D-90CB-42B8-AA06-2F19B0C9684B}.Release|x64.ActiveCfg = Release|iPhoneSimulator
		{C401CB3D-90CB-42B8-AA06-2F19B0C9684B}.Release|x64.Build.0 = Release|iPhoneSimulator
		{C401CB3D-90CB-42B8-AA06-2F19B0C9684B}.Release|x64.Deploy.0 = Release|iPhoneSimulator
		{C401CB3D-90CB-42B8-AA06-2F19B0C9684B}.Release|x86.ActiveCfg = Release|iPhoneSimulator
		{C401CB3D-90CB-42B8-AA06-2F19B0C9684B}.Release|x86.Build.0 = Release|iPhoneSimulator
		{C401CB3D-90CB-42B8-AA06-2F19B0C9684B}.Release|x86.Deploy.0 = Release|iPhoneSimulator
		{E42FA92C-C239-4361-8458-1EB46B392903}.Debug|Any CPU.ActiveCfg = Debug|Any CPU
		{E42FA92C-C239-4361-8458-1EB46B392903}.Debug|Any CPU.Build.0 = Debug|Any CPU
		{E42FA92C-C239-4361-8458-1EB46B392903}.Debug|Any CPU.Deploy.0 = Debug|Any CPU
		{E42FA92C-C239-4361-8458-1EB46B392903}.Debug|ARM.ActiveCfg = Debug|Any CPU
		{E42FA92C-C239-4361-8458-1EB46B392903}.Debug|ARM.Build.0 = Debug|Any CPU
		{E42FA92C-C239-4361-8458-1EB46B392903}.Debug|ARM.Deploy.0 = Debug|Any CPU
		{E42FA92C-C239-4361-8458-1EB46B392903}.Debug|iPhone.ActiveCfg = Debug|Any CPU
		{E42FA92C-C239-4361-8458-1EB46B392903}.Debug|iPhone.Build.0 = Debug|Any CPU
		{E42FA92C-C239-4361-8458-1EB46B392903}.Debug|iPhone.Deploy.0 = Debug|Any CPU
		{E42FA92C-C239-4361-8458-1EB46B392903}.Debug|iPhoneSimulator.ActiveCfg = Debug|Any CPU
		{E42FA92C-C239-4361-8458-1EB46B392903}.Debug|iPhoneSimulator.Build.0 = Debug|Any CPU
		{E42FA92C-C239-4361-8458-1EB46B392903}.Debug|iPhoneSimulator.Deploy.0 = Debug|Any CPU
		{E42FA92C-C239-4361-8458-1EB46B392903}.Debug|x64.ActiveCfg = Debug|Any CPU
		{E42FA92C-C239-4361-8458-1EB46B392903}.Debug|x64.Build.0 = Debug|Any CPU
		{E42FA92C-C239-4361-8458-1EB46B392903}.Debug|x64.Deploy.0 = Debug|Any CPU
		{E42FA92C-C239-4361-8458-1EB46B392903}.Debug|x86.ActiveCfg = Debug|Any CPU
		{E42FA92C-C239-4361-8458-1EB46B392903}.Debug|x86.Build.0 = Debug|Any CPU
		{E42FA92C-C239-4361-8458-1EB46B392903}.Debug|x86.Deploy.0 = Debug|Any CPU
		{E42FA92C-C239-4361-8458-1EB46B392903}.Release|Any CPU.ActiveCfg = Release|Any CPU
		{E42FA92C-C239-4361-8458-1EB46B392903}.Release|Any CPU.Build.0 = Release|Any CPU
		{E42FA92C-C239-4361-8458-1EB46B392903}.Release|Any CPU.Deploy.0 = Release|Any CPU
		{E42FA92C-C239-4361-8458-1EB46B392903}.Release|ARM.ActiveCfg = Release|Any CPU
		{E42FA92C-C239-4361-8458-1EB46B392903}.Release|ARM.Build.0 = Release|Any CPU
		{E42FA92C-C239-4361-8458-1EB46B392903}.Release|ARM.Deploy.0 = Release|Any CPU
		{E42FA92C-C239-4361-8458-1EB46B392903}.Release|iPhone.ActiveCfg = Release|Any CPU
		{E42FA92C-C239-4361-8458-1EB46B392903}.Release|iPhone.Build.0 = Release|Any CPU
		{E42FA92C-C239-4361-8458-1EB46B392903}.Release|iPhone.Deploy.0 = Release|Any CPU
		{E42FA92C-C239-4361-8458-1EB46B392903}.Release|iPhoneSimulator.ActiveCfg = Release|Any CPU
		{E42FA92C-C239-4361-8458-1EB46B392903}.Release|iPhoneSimulator.Build.0 = Release|Any CPU
		{E42FA92C-C239-4361-8458-1EB46B392903}.Release|iPhoneSimulator.Deploy.0 = Release|Any CPU
		{E42FA92C-C239-4361-8458-1EB46B392903}.Release|x64.ActiveCfg = Release|Any CPU
		{E42FA92C-C239-4361-8458-1EB46B392903}.Release|x64.Build.0 = Release|Any CPU
		{E42FA92C-C239-4361-8458-1EB46B392903}.Release|x64.Deploy.0 = Release|Any CPU
		{E42FA92C-C239-4361-8458-1EB46B392903}.Release|x86.ActiveCfg = Release|Any CPU
		{E42FA92C-C239-4361-8458-1EB46B392903}.Release|x86.Build.0 = Release|Any CPU
		{E42FA92C-C239-4361-8458-1EB46B392903}.Release|x86.Deploy.0 = Release|Any CPU
	EndGlobalSection
	GlobalSection(SolutionProperties) = preSolution
		HideSolutionNode = FALSE
	EndGlobalSection
	GlobalSection(ExtensibilityGlobals) = postSolution
		SolutionGuid = {AF91EEE1-A594-48FF-8CA8-E2D837550F2C}
	EndGlobalSection
EndGlobal
